
Microsoft Visual Studio Solution File, Format Version 12.00
# Visual Studio Version 17
VisualStudioVersion = 17.3.32804.467
MinimumVisualStudioVersion = 10.0.40219.1
Project("{9A19103F-16F7-4668-BE54-9A1E7A4F7556}") = "WebAppDETAug2022", "WebAppDETAug2022\WebAppDETAug2022.csproj", "{E2F03404-A4E9-4C0E-87A3-3834A11BED23}"
EndProject
Project("{9A19103F-16F7-4668-BE54-9A1E7A4F7556}") = "MVCDemo", "MVCDemo\MVCDemo.csproj", "{5AA74799-B73F-44AE-A97E-88EBA1C37E38}"
EndProject
Project("{9A19103F-16F7-4668-BE54-9A1E7A4F7556}") = "APIDemo", "APIDemo\APIDemo.csproj", "{AC114936-B413-46F8-9FDC-6D2CA6757C4A}"
EndProject
Project("{9A19103F-16F7-4668-BE54-9A1E7A4F7556}") = "ConsoleAppClient", "ConsoleAppClient\ConsoleAppClient.csproj", "{7E0A7C7C-7B0B-4202-8E10-A3CA9EAE96D8}"
EndProject
Project("{9A19103F-16F7-4668-BE54-9A1E7A4F7556}") = "TodoApi", "TodoApi\TodoApi.csproj", "{38CBA71B-02BE-4CEA-8AD0-DD261308C561}"
EndProject
Project("{9A19103F-16F7-4668-BE54-9A1E7A4F7556}") = "Bank", "Bank\Bank.csproj", "{F700FE0A-6756-4215-8DDD-4EEDB2F4AC08}"
EndProject
Project("{9A19103F-16F7-4668-BE54-9A1E7A4F7556}") = "BankTests", "BankTests\BankTests.csproj", "{36DBF31F-5A1C-48AA-9139-B6C326E2355E}"
EndProject
Project("{9A19103F-16F7-4668-BE54-9A1E7A4F7556}") = "TestProjectPizza", "TestProjectPizza\TestProjectPizza.csproj", "{81C1C627-6164-4DFF-804C-9343A093F971}"
EndProject
Project("{9A19103F-16F7-4668-BE54-9A1E7A4F7556}") = "TestProject_ClassLibPizza", "TestProject_ClassLibPizza\TestProject_ClassLibPizza.csproj", "{B40B90AE-4B27-4F0C-A640-B4E5C82ABC4A}"
EndProject
Project("{FAE04EC0-301F-11D3-BF4B-00C04F79EFBC}") = "TDD_Demo", "TDD_Demo\TDD_Demo.csproj", "{5DB13718-D3B3-4949-BA2E-9650909EC9AB}"
EndProject
Project("{FAE04EC0-301F-11D3-BF4B-00C04F79EFBC}") = "Library.Api", "Library.Api\Library.Api.csproj", "{DBF1A31A-DE36-462A-8EB5-E68118C6B7DA}"
EndProject
Project("{FAE04EC0-301F-11D3-BF4B-00C04F79EFBC}") = "BooksControllerTest", "BooksControllerTest\BooksControllerTest.csproj", "{83F3CEC3-CB92-4A44-96A9-26DB9D7CD70F}"
EndProject
Global
	GlobalSection(SolutionConfigurationPlatforms) = preSolution
		Debug|Any CPU = Debug|Any CPU
		Release|Any CPU = Release|Any CPU
	EndGlobalSection
	GlobalSection(ProjectConfigurationPlatforms) = postSolution
		{E2F03404-A4E9-4C0E-87A3-3834A11BED23}.Debug|Any CPU.ActiveCfg = Debug|Any CPU
		{E2F03404-A4E9-4C0E-87A3-3834A11BED23}.Debug|Any CPU.Build.0 = Debug|Any CPU
		{E2F03404-A4E9-4C0E-87A3-3834A11BED23}.Release|Any CPU.ActiveCfg = Release|Any CPU
		{E2F03404-A4E9-4C0E-87A3-3834A11BED23}.Release|Any CPU.Build.0 = Release|Any CPU
		{5AA74799-B73F-44AE-A97E-88EBA1C37E38}.Debug|Any CPU.ActiveCfg = Debug|Any CPU
		{5AA74799-B73F-44AE-A97E-88EBA1C37E38}.Debug|Any CPU.Build.0 = Debug|Any CPU
		{5AA74799-B73F-44AE-A97E-88EBA1C37E38}.Release|Any CPU.ActiveCfg = Release|Any CPU
		{5AA74799-B73F-44AE-A97E-88EBA1C37E38}.Release|Any CPU.Build.0 = Release|Any CPU
		{AC114936-B413-46F8-9FDC-6D2CA6757C4A}.Debug|Any CPU.ActiveCfg = Debug|Any CPU
		{AC114936-B413-46F8-9FDC-6D2CA6757C4A}.Debug|Any CPU.Build.0 = Debug|Any CPU
		{AC114936-B413-46F8-9FDC-6D2CA6757C4A}.Release|Any CPU.ActiveCfg = Release|Any CPU
		{AC114936-B413-46F8-9FDC-6D2CA6757C4A}.Release|Any CPU.Build.0 = Release|Any CPU
		{7E0A7C7C-7B0B-4202-8E10-A3CA9EAE96D8}.Debug|Any CPU.ActiveCfg = Debug|Any CPU
		{7E0A7C7C-7B0B-4202-8E10-A3CA9EAE96D8}.Debug|Any CPU.Build.0 = Debug|Any CPU
		{7E0A7C7C-7B0B-4202-8E10-A3CA9EAE96D8}.Release|Any CPU.ActiveCfg = Release|Any CPU
		{7E0A7C7C-7B0B-4202-8E10-A3CA9EAE96D8}.Release|Any CPU.Build.0 = Release|Any CPU
		{38CBA71B-02BE-4CEA-8AD0-DD261308C561}.Debug|Any CPU.ActiveCfg = Debug|Any CPU
		{38CBA71B-02BE-4CEA-8AD0-DD261308C561}.Debug|Any CPU.Build.0 = Debug|Any CPU
		{38CBA71B-02BE-4CEA-8AD0-DD261308C561}.Release|Any CPU.ActiveCfg = Release|Any CPU
		{38CBA71B-02BE-4CEA-8AD0-DD261308C561}.Release|Any CPU.Build.0 = Release|Any CPU
		{F700FE0A-6756-4215-8DDD-4EEDB2F4AC08}.Debug|Any CPU.ActiveCfg = Debug|Any CPU
		{F700FE0A-6756-4215-8DDD-4EEDB2F4AC08}.Debug|Any CPU.Build.0 = Debug|Any CPU
		{F700FE0A-6756-4215-8DDD-4EEDB2F4AC08}.Release|Any CPU.ActiveCfg = Release|Any CPU
		{F700FE0A-6756-4215-8DDD-4EEDB2F4AC08}.Release|Any CPU.Build.0 = Release|Any CPU
		{36DBF31F-5A1C-48AA-9139-B6C326E2355E}.Debug|Any CPU.ActiveCfg = Debug|Any CPU
		{36DBF31F-5A1C-48AA-9139-B6C326E2355E}.Debug|Any CPU.Build.0 = Debug|Any CPU
		{36DBF31F-5A1C-48AA-9139-B6C326E2355E}.Release|Any CPU.ActiveCfg = Release|Any CPU
		{36DBF31F-5A1C-48AA-9139-B6C326E2355E}.Release|Any CPU.Build.0 = Release|Any CPU
		{81C1C627-6164-4DFF-804C-9343A093F971}.Debug|Any CPU.ActiveCfg = Debug|Any CPU
		{81C1C627-6164-4DFF-804C-9343A093F971}.Debug|Any CPU.Build.0 = Debug|Any CPU
		{81C1C627-6164-4DFF-804C-9343A093F971}.Release|Any CPU.ActiveCfg = Release|Any CPU
		{81C1C627-6164-4DFF-804C-9343A093F971}.Release|Any CPU.Build.0 = Release|Any CPU
		{B40B90AE-4B27-4F0C-A640-B4E5C82ABC4A}.Debug|Any CPU.ActiveCfg = Debug|Any CPU
		{B40B90AE-4B27-4F0C-A640-B4E5C82ABC4A}.Debug|Any CPU.Build.0 = Debug|Any CPU
		{B40B90AE-4B27-4F0C-A640-B4E5C82ABC4A}.Release|Any CPU.ActiveCfg = Release|Any CPU
		{B40B90AE-4B27-4F0C-A640-B4E5C82ABC4A}.Release|Any CPU.Build.0 = Release|Any CPU
		{5DB13718-D3B3-4949-BA2E-9650909EC9AB}.Debug|Any CPU.ActiveCfg = Debug|Any CPU
		{5DB13718-D3B3-4949-BA2E-9650909EC9AB}.Debug|Any CPU.Build.0 = Debug|Any CPU
		{5DB13718-D3B3-4949-BA2E-9650909EC9AB}.Release|Any CPU.ActiveCfg = Release|Any CPU
		{5DB13718-D3B3-4949-BA2E-9650909EC9AB}.Release|Any CPU.Build.0 = Release|Any CPU
		{DBF1A31A-DE36-462A-8EB5-E68118C6B7DA}.Debug|Any CPU.ActiveCfg = Debug|Any CPU
		{DBF1A31A-DE36-462A-8EB5-E68118C6B7DA}.Debug|Any CPU.Build.0 = Debug|Any CPU
		{DBF1A31A-DE36-462A-8EB5-E68118C6B7DA}.Release|Any CPU.ActiveCfg = Release|Any CPU
		{DBF1A31A-DE36-462A-8EB5-E68118C6B7DA}.Release|Any CPU.Build.0 = Release|Any CPU
		{83F3CEC3-CB92-4A44-96A9-26DB9D7CD70F}.Debug|Any CPU.ActiveCfg = Debug|Any CPU
		{83F3CEC3-CB92-4A44-96A9-26DB9D7CD70F}.Debug|Any CPU.Build.0 = Debug|Any CPU
		{83F3CEC3-CB92-4A44-96A9-26DB9D7CD70F}.Release|Any CPU.ActiveCfg = Release|Any CPU
		{83F3CEC3-CB92-4A44-96A9-26DB9D7CD70F}.Release|Any CPU.Build.0 = Release|Any CPU
	EndGlobalSection
	GlobalSection(SolutionProperties) = preSolution
		HideSolutionNode = FALSE
	EndGlobalSection
	GlobalSection(ExtensibilityGlobals) = postSolution
		SolutionGuid = {EAF7571B-7069-4738-990A-E9CCB72E4FD8}
	EndGlobalSection
EndGlobal
